# THIS IS AN AUTOGENERATED FILE. DO NOT EDIT THIS FILE DIRECTLY.
# yarn lockfile v1


mobx-state-tree@^5.4.1:
  version "5.4.1"
  resolved "https://registry.npmjs.org/mobx-state-tree/-/mobx-state-tree-5.4.1.tgz#97182a1e2587db5ff7a2b5f11ac6971e50498aed"
  integrity sha512-eEBmfeYzbNSbNsdM+T1pchuOykZXT50B7eCXgf0E0O/jad/cigu4heBB9RwxzzyD/QGrXBPVctKYLypVXNHt3Q==

mobx@^6.12.1:
  version "6.12.1"
  resolved "https://registry.npmjs.org/mobx/-/mobx-6.12.1.tgz#78a32cfe6e1a2339426e284f8c5d90b0a5396fc5"
  integrity sha512-HN5/fmWCnePVI4u3Y487x3G0LIQ+qnQjowylhVxXPvBmbwottKm8R7GrsYAqljzekZUj+LoBcAUp3l8/3EPCGQ==
