lockfileVersion: '9.0'

settings:
  autoInstallPeers: true
  excludeLinksFromLockfile: false

importers:

  .:
    devDependencies:
      create-nx-workspace:
        specifier: ^20.0.12
        version: 20.0.12

packages:

  ansi-colors@4.1.3:
    resolution: {integrity: sha1-N2ETQOsiQ+cMxgTK011jJw1IeBs=, tarball: http://npm.cestc.cn/ansi-colors/download/ansi-colors-4.1.3.tgz}
    engines: {node: '>=6'}

  ansi-regex@5.0.1:
    resolution: {integrity: sha1-CCyyyJyf6GWaMRpTvWpNxTAdswQ=, tarball: http://npm.cestc.cn/ansi-regex/download/ansi-regex-5.0.1.tgz}
    engines: {node: '>=8'}

  ansi-styles@4.3.0:
    resolution: {integrity: sha1-7dgDYornHATIWuegkG7a00tkiTc=, tarball: http://npm.cestc.cn/ansi-styles/download/ansi-styles-4.3.0.tgz}
    engines: {node: '>=8'}

  asynckit@0.4.0:
    resolution: {integrity: sha1-x57Zf380y48robyXkLzDZkdLS3k=, tarball: http://npm.cestc.cn/asynckit/download/asynckit-0.4.0.tgz}

  axios@1.7.7:
    resolution: {integrity: sha1-L1VClvmJKnKsjY5MW3nBSpHQpH8=, tarball: http://npm.cestc.cn/axios/download/axios-1.7.7.tgz}

  base64-js@1.5.1:
    resolution: {integrity: sha1-GxtEAWClv3rUC2UPCVljSBkDkwo=, tarball: http://npm.cestc.cn/base64-js/download/base64-js-1.5.1.tgz}

  bl@4.1.0:
    resolution: {integrity: sha1-RRU1JkGCvsL7vIOmKrmM8R2fezo=, tarball: http://npm.cestc.cn/bl/download/bl-4.1.0.tgz}

  buffer@5.7.1:
    resolution: {integrity: sha1-umLnwTEzBTWCGXFghRqPZI6Z7tA=, tarball: http://npm.cestc.cn/buffer/download/buffer-5.7.1.tgz}

  chalk@4.1.2:
    resolution: {integrity: sha1-qsTit3NKdAhnrrFr8CqtVWoeegE=, tarball: http://npm.cestc.cn/chalk/download/chalk-4.1.2.tgz}
    engines: {node: '>=10'}

  cli-cursor@3.1.0:
    resolution: {integrity: sha1-JkMFp65JDR0Dvwybp8kl0XU68wc=, tarball: http://npm.cestc.cn/cli-cursor/download/cli-cursor-3.1.0.tgz}
    engines: {node: '>=8'}

  cli-spinners@2.9.2:
    resolution: {integrity: sha1-F3Oo9LnE1qwxVj31Oz/B15Ri/kE=, tarball: http://npm.cestc.cn/cli-spinners/download/cli-spinners-2.9.2.tgz}
    engines: {node: '>=6'}

  cliui@8.0.1:
    resolution: {integrity: sha1-DASwddsCy/5g3I5s8vVIaxo2CKo=, tarball: http://npm.cestc.cn/cliui/download/cliui-8.0.1.tgz}
    engines: {node: '>=12'}

  clone@1.0.4:
    resolution: {integrity: sha1-2jCcwmPfFZlMaIypAheco8fNfH4=, tarball: http://npm.cestc.cn/clone/download/clone-1.0.4.tgz}
    engines: {node: '>=0.8'}

  color-convert@2.0.1:
    resolution: {integrity: sha1-ctOmjVmMm9s68q0ehPIdiWq9TeM=, tarball: http://npm.cestc.cn/color-convert/download/color-convert-2.0.1.tgz}
    engines: {node: '>=7.0.0'}

  color-name@1.1.4:
    resolution: {integrity: sha1-wqCah6y95pVD3m9j+jmVyCbFNqI=, tarball: http://npm.cestc.cn/color-name/download/color-name-1.1.4.tgz}

  combined-stream@1.0.8:
    resolution: {integrity: sha1-w9RaizT9cwYxoRCoolIGgrMdWn8=, tarball: http://npm.cestc.cn/combined-stream/download/combined-stream-1.0.8.tgz}
    engines: {node: '>= 0.8'}

  create-nx-workspace@20.0.12:
    resolution: {integrity: sha512-W69zbrw39GhA1wNLJ6/m426ufvwjDZRJ05r6bsmKZb5wd9ySC1DjQbzzpZxRAt0x4RUsye7roocZnHlQq9jvXw==, tarball: https://registry.npmjs.org/create-nx-workspace/-/create-nx-workspace-20.0.12.tgz}
    hasBin: true

  defaults@1.0.4:
    resolution: {integrity: sha1-sLAgYsHiqmL/XZUo8PmLqpCXjXo=, tarball: http://npm.cestc.cn/defaults/download/defaults-1.0.4.tgz}

  delayed-stream@1.0.0:
    resolution: {integrity: sha1-3zrhmayt+31ECqrgsp4icrJOxhk=, tarball: http://npm.cestc.cn/delayed-stream/download/delayed-stream-1.0.0.tgz}
    engines: {node: '>=0.4.0'}

  emoji-regex@8.0.0:
    resolution: {integrity: sha1-6Bj9ac5cz8tARZT4QpY79TFkzDc=, tarball: http://npm.cestc.cn/emoji-regex/download/emoji-regex-8.0.0.tgz}

  enquirer@2.3.6:
    resolution: {integrity: sha1-Kn/l3WNKHkElqXXsmU/1RW3Dc00=, tarball: http://npm.cestc.cn/enquirer/download/enquirer-2.3.6.tgz}
    engines: {node: '>=8.6'}

  escalade@3.2.0:
    resolution: {integrity: sha1-ARo/aYVroYnf+n3I/M6Z0qh5A+U=, tarball: http://npm.cestc.cn/escalade/download/escalade-3.2.0.tgz}
    engines: {node: '>=6'}

  flat@5.0.2:
    resolution: {integrity: sha1-jKb+MyBp/6nTJMMnGYxZglnOskE=, tarball: http://npm.cestc.cn/flat/download/flat-5.0.2.tgz}
    hasBin: true

  follow-redirects@1.15.9:
    resolution: {integrity: sha1-pgT6EORDv5jKlCKNnuvMLoosjuE=, tarball: http://npm.cestc.cn/follow-redirects/download/follow-redirects-1.15.9.tgz}
    engines: {node: '>=4.0'}
    peerDependencies:
      debug: '*'
    peerDependenciesMeta:
      debug:
        optional: true

  form-data@4.0.1:
    resolution: {integrity: sha1-uhB22qqlv9fpnBpssCqgpc/5DUg=, tarball: http://npm.cestc.cn/form-data/download/form-data-4.0.1.tgz}
    engines: {node: '>= 6'}

  get-caller-file@2.0.5:
    resolution: {integrity: sha1-T5RBKoLbMvNuOwuXQfipf+sDH34=, tarball: http://npm.cestc.cn/get-caller-file/download/get-caller-file-2.0.5.tgz}
    engines: {node: 6.* || 8.* || >= 10.*}

  has-flag@4.0.0:
    resolution: {integrity: sha1-lEdx/ZyByBJlxNaUGGDaBrtZR5s=, tarball: http://npm.cestc.cn/has-flag/download/has-flag-4.0.0.tgz}
    engines: {node: '>=8'}

  ieee754@1.2.1:
    resolution: {integrity: sha1-jrehCmP/8l0VpXsAFYbRd9Gw01I=, tarball: http://npm.cestc.cn/ieee754/download/ieee754-1.2.1.tgz}

  inherits@2.0.4:
    resolution: {integrity: sha1-D6LGT5MpF8NDOg3tVTY6rjdBa3w=, tarball: http://npm.cestc.cn/inherits/download/inherits-2.0.4.tgz}

  is-fullwidth-code-point@3.0.0:
    resolution: {integrity: sha1-8Rb4Bk/pCz94RKOJl8C3UFEmnx0=, tarball: http://npm.cestc.cn/is-fullwidth-code-point/download/is-fullwidth-code-point-3.0.0.tgz}
    engines: {node: '>=8'}

  is-interactive@1.0.0:
    resolution: {integrity: sha1-zqbmrlyHCnsKAAQHC3tYfgJSkS4=, tarball: http://npm.cestc.cn/is-interactive/download/is-interactive-1.0.0.tgz}
    engines: {node: '>=8'}

  is-unicode-supported@0.1.0:
    resolution: {integrity: sha1-PybHaoCVk7Ur+i7LVxDtJ3m1Iqc=, tarball: http://npm.cestc.cn/is-unicode-supported/download/is-unicode-supported-0.1.0.tgz}
    engines: {node: '>=10'}

  log-symbols@4.1.0:
    resolution: {integrity: sha1-P727lbRoOsn8eFER55LlWNSr1QM=, tarball: http://npm.cestc.cn/log-symbols/download/log-symbols-4.1.0.tgz}
    engines: {node: '>=10'}

  mime-db@1.52.0:
    resolution: {integrity: sha1-u6vNwChZ9JhzAchW4zh85exDv3A=, tarball: http://npm.cestc.cn/mime-db/download/mime-db-1.52.0.tgz}
    engines: {node: '>= 0.6'}

  mime-types@2.1.35:
    resolution: {integrity: sha1-OBqHG2KnNEUGYK497uRIE/cNlZo=, tarball: http://npm.cestc.cn/mime-types/download/mime-types-2.1.35.tgz}
    engines: {node: '>= 0.6'}

  mimic-fn@2.1.0:
    resolution: {integrity: sha1-ftLCzMyvhNP/y3pptXcR/CCDQBs=, tarball: http://npm.cestc.cn/mimic-fn/download/mimic-fn-2.1.0.tgz}
    engines: {node: '>=6'}

  onetime@5.1.2:
    resolution: {integrity: sha1-0Oluu1awdHbfHdnEgG5SN5hcpF4=, tarball: http://npm.cestc.cn/onetime/download/onetime-5.1.2.tgz}
    engines: {node: '>=6'}

  ora@5.3.0:
    resolution: {integrity: sha1-+4MomdOhNy/nHIssU0u/50lhu28=, tarball: http://npm.cestc.cn/ora/download/ora-5.3.0.tgz}
    engines: {node: '>=10'}

  proxy-from-env@1.1.0:
    resolution: {integrity: sha1-4QLxbKNVQkhldV0sno6k8k1Yw+I=, tarball: http://npm.cestc.cn/proxy-from-env/download/proxy-from-env-1.1.0.tgz}

  readable-stream@3.6.2:
    resolution: {integrity: sha1-VqmzbqllwAxak+8x6xEaDxEFaWc=, tarball: http://npm.cestc.cn/readable-stream/download/readable-stream-3.6.2.tgz}
    engines: {node: '>= 6'}

  require-directory@2.1.1:
    resolution: {integrity: sha1-jGStX9MNqxyXbiNE/+f3kqam30I=, tarball: http://npm.cestc.cn/require-directory/download/require-directory-2.1.1.tgz}
    engines: {node: '>=0.10.0'}

  restore-cursor@3.1.0:
    resolution: {integrity: sha1-OfZ8VLOnpYzqUjbZXPADQjljH34=, tarball: http://npm.cestc.cn/restore-cursor/download/restore-cursor-3.1.0.tgz}
    engines: {node: '>=8'}

  safe-buffer@5.2.1:
    resolution: {integrity: sha1-Hq+fqb2x/dTsdfWPnNtOa3gn7sY=, tarball: http://npm.cestc.cn/safe-buffer/download/safe-buffer-5.2.1.tgz}

  signal-exit@3.0.7:
    resolution: {integrity: sha1-qaF2f4r4QVURTqq9c/mSc8j1mtk=, tarball: http://npm.cestc.cn/signal-exit/download/signal-exit-3.0.7.tgz}

  string-width@4.2.3:
    resolution: {integrity: sha1-JpxxF9J7Ba0uU2gwqOyJXvnG0BA=, tarball: http://npm.cestc.cn/string-width/download/string-width-4.2.3.tgz}
    engines: {node: '>=8'}

  string_decoder@1.3.0:
    resolution: {integrity: sha1-QvEUWUpGzxqOMLCoT1bHjD7awh4=, tarball: http://npm.cestc.cn/string_decoder/download/string_decoder-1.3.0.tgz}

  strip-ansi@6.0.1:
    resolution: {integrity: sha1-nibGPTD1NEPpSJSVshBdN7Z6hdk=, tarball: http://npm.cestc.cn/strip-ansi/download/strip-ansi-6.0.1.tgz}
    engines: {node: '>=8'}

  supports-color@7.2.0:
    resolution: {integrity: sha1-G33NyzK4E4gBs+R4umpRyqiWSNo=, tarball: http://npm.cestc.cn/supports-color/download/supports-color-7.2.0.tgz}
    engines: {node: '>=8'}

  tmp@0.2.3:
    resolution: {integrity: sha1-63g8wivB6L69BnFHbUbqTrMqea4=, tarball: http://npm.cestc.cn/tmp/download/tmp-0.2.3.tgz}
    engines: {node: '>=14.14'}

  tslib@2.7.0:
    resolution: {integrity: sha1-2bQMXECrWehzjyl98wh78aJpDAE=, tarball: http://npm.cestc.cn/tslib/download/tslib-2.7.0.tgz}

  util-deprecate@1.0.2:
    resolution: {integrity: sha1-RQ1Nyfpw3nMnYvvS1KKJgUGaDM8=, tarball: http://npm.cestc.cn/util-deprecate/download/util-deprecate-1.0.2.tgz}

  wcwidth@1.0.1:
    resolution: {integrity: sha1-8LDc+RW8X/FSivrbLA4XtTLaL+g=, tarball: http://npm.cestc.cn/wcwidth/download/wcwidth-1.0.1.tgz}

  wrap-ansi@7.0.0:
    resolution: {integrity: sha1-Z+FFz/UQpqaYS98RUpEdadLrnkM=, tarball: http://npm.cestc.cn/wrap-ansi/download/wrap-ansi-7.0.0.tgz}
    engines: {node: '>=10'}

  y18n@5.0.8:
    resolution: {integrity: sha1-f0k00PfKjFb5UxSTndzS3ZHOHVU=, tarball: http://npm.cestc.cn/y18n/download/y18n-5.0.8.tgz}
    engines: {node: '>=10'}

  yargs-parser@21.1.1:
    resolution: {integrity: sha1-kJa87r+ZDSG7MfqVFuDt4pSnfTU=, tarball: http://npm.cestc.cn/yargs-parser/download/yargs-parser-21.1.1.tgz}
    engines: {node: '>=12'}

  yargs@17.7.2:
    resolution: {integrity: sha1-mR3zmspnWhkrgW4eA2P5110qomk=, tarball: http://npm.cestc.cn/yargs/download/yargs-17.7.2.tgz}
    engines: {node: '>=12'}

snapshots:

  ansi-colors@4.1.3: {}

  ansi-regex@5.0.1: {}

  ansi-styles@4.3.0:
    dependencies:
      color-convert: 2.0.1

  asynckit@0.4.0: {}

  axios@1.7.7:
    dependencies:
      follow-redirects: 1.15.9
      form-data: 4.0.1
      proxy-from-env: 1.1.0
    transitivePeerDependencies:
      - debug

  base64-js@1.5.1: {}

  bl@4.1.0:
    dependencies:
      buffer: 5.7.1
      inherits: 2.0.4
      readable-stream: 3.6.2

  buffer@5.7.1:
    dependencies:
      base64-js: 1.5.1
      ieee754: 1.2.1

  chalk@4.1.2:
    dependencies:
      ansi-styles: 4.3.0
      supports-color: 7.2.0

  cli-cursor@3.1.0:
    dependencies:
      restore-cursor: 3.1.0

  cli-spinners@2.9.2: {}

  cliui@8.0.1:
    dependencies:
      string-width: 4.2.3
      strip-ansi: 6.0.1
      wrap-ansi: 7.0.0

  clone@1.0.4: {}

  color-convert@2.0.1:
    dependencies:
      color-name: 1.1.4

  color-name@1.1.4: {}

  combined-stream@1.0.8:
    dependencies:
      delayed-stream: 1.0.0

  create-nx-workspace@20.0.12:
    dependencies:
      axios: 1.7.7
      chalk: 4.1.2
      enquirer: 2.3.6
      flat: 5.0.2
      ora: 5.3.0
      tmp: 0.2.3
      tslib: 2.7.0
      yargs: 17.7.2
    transitivePeerDependencies:
      - debug

  defaults@1.0.4:
    dependencies:
      clone: 1.0.4

  delayed-stream@1.0.0: {}

  emoji-regex@8.0.0: {}

  enquirer@2.3.6:
    dependencies:
      ansi-colors: 4.1.3

  escalade@3.2.0: {}

  flat@5.0.2: {}

  follow-redirects@1.15.9: {}

  form-data@4.0.1:
    dependencies:
      asynckit: 0.4.0
      combined-stream: 1.0.8
      mime-types: 2.1.35

  get-caller-file@2.0.5: {}

  has-flag@4.0.0: {}

  ieee754@1.2.1: {}

  inherits@2.0.4: {}

  is-fullwidth-code-point@3.0.0: {}

  is-interactive@1.0.0: {}

  is-unicode-supported@0.1.0: {}

  log-symbols@4.1.0:
    dependencies:
      chalk: 4.1.2
      is-unicode-supported: 0.1.0

  mime-db@1.52.0: {}

  mime-types@2.1.35:
    dependencies:
      mime-db: 1.52.0

  mimic-fn@2.1.0: {}

  onetime@5.1.2:
    dependencies:
      mimic-fn: 2.1.0

  ora@5.3.0:
    dependencies:
      bl: 4.1.0
      chalk: 4.1.2
      cli-cursor: 3.1.0
      cli-spinners: 2.9.2
      is-interactive: 1.0.0
      log-symbols: 4.1.0
      strip-ansi: 6.0.1
      wcwidth: 1.0.1

  proxy-from-env@1.1.0: {}

  readable-stream@3.6.2:
    dependencies:
      inherits: 2.0.4
      string_decoder: 1.3.0
      util-deprecate: 1.0.2

  require-directory@2.1.1: {}

  restore-cursor@3.1.0:
    dependencies:
      onetime: 5.1.2
      signal-exit: 3.0.7

  safe-buffer@5.2.1: {}

  signal-exit@3.0.7: {}

  string-width@4.2.3:
    dependencies:
      emoji-regex: 8.0.0
      is-fullwidth-code-point: 3.0.0
      strip-ansi: 6.0.1

  string_decoder@1.3.0:
    dependencies:
      safe-buffer: 5.2.1

  strip-ansi@6.0.1:
    dependencies:
      ansi-regex: 5.0.1

  supports-color@7.2.0:
    dependencies:
      has-flag: 4.0.0

  tmp@0.2.3: {}

  tslib@2.7.0: {}

  util-deprecate@1.0.2: {}

  wcwidth@1.0.1:
    dependencies:
      defaults: 1.0.4

  wrap-ansi@7.0.0:
    dependencies:
      ansi-styles: 4.3.0
      string-width: 4.2.3
      strip-ansi: 6.0.1

  y18n@5.0.8: {}

  yargs-parser@21.1.1: {}

  yargs@17.7.2:
    dependencies:
      cliui: 8.0.1
      escalade: 3.2.0
      get-caller-file: 2.0.5
      require-directory: 2.1.1
      string-width: 4.2.3
      y18n: 5.0.8
      yargs-parser: 21.1.1
